
Microsoft Visual Studio Solution File, Format Version 12.00
# Visual Studio Version 17
VisualStudioVersion = 17.13.35913.81 d17.13
MinimumVisualStudioVersion = 10.0.40219.1
Project("{FAE04EC0-301F-11D3-BF4B-00C04F79EFBC}") = "IdentityMessagingApp.WebUI", "IdentityMessagingApp.WebUI\IdentityMessagingApp.WebUI.csproj", "{FEA8CE8B-E4A7-46DD-A944-200B7A071298}"
EndProject
Project("{FAE04EC0-301F-11D3-BF4B-00C04F79EFBC}") = "IdentityMessagingApp.EntityLayer", "IdentityMessagingApp.EntityLayer\IdentityMessagingApp.EntityLayer.csproj", "{2830C9DC-D6D9-478D-8F1F-2EEA5FCC9C8C}"
EndProject
Project("{FAE04EC0-301F-11D3-BF4B-00C04F79EFBC}") = "IdentityMessagingApp.DataAccess", "IdentityMessagingApp.DataAccess\IdentityMessagingApp.DataAccess.csproj", "{EC6A2719-8E53-4A48-A8BE-55814641965B}"
EndProject
Project("{FAE04EC0-301F-11D3-BF4B-00C04F79EFBC}") = "IdentityMessagingApp.BusinessLayer", "IdentityMessagingApp.BusinessLayer\IdentityMessagingApp.BusinessLayer.csproj", "{4AABB726-685A-4FA1-8CBB-E12563711FC1}"
EndProject
Project("{FAE04EC0-301F-11D3-BF4B-00C04F79EFBC}") = "IdentityMessagingApp.DtoLayer", "IdentityMessagingApp.DtoLayer\IdentityMessagingApp.DtoLayer.csproj", "{A8DC9B5A-2B91-491F-B8D7-9C9EDC914CD7}"
EndProject
Global
	GlobalSection(SolutionConfigurationPlatforms) = preSolution
		Debug|Any CPU = Debug|Any CPU
		Release|Any CPU = Release|Any CPU
	EndGlobalSection
	GlobalSection(ProjectConfigurationPlatforms) = postSolution
		{FEA8CE8B-E4A7-46DD-A944-200B7A071298}.Debug|Any CPU.ActiveCfg = Debug|Any CPU
		{FEA8CE8B-E4A7-46DD-A944-200B7A071298}.Debug|Any CPU.Build.0 = Debug|Any CPU
		{FEA8CE8B-E4A7-46DD-A944-200B7A071298}.Release|Any CPU.ActiveCfg = Release|Any CPU
		{FEA8CE8B-E4A7-46DD-A944-200B7A071298}.Release|Any CPU.Build.0 = Release|Any CPU
		{2830C9DC-D6D9-478D-8F1F-2EEA5FCC9C8C}.Debug|Any CPU.ActiveCfg = Debug|Any CPU
		{2830C9DC-D6D9-478D-8F1F-2EEA5FCC9C8C}.Debug|Any CPU.Build.0 = Debug|Any CPU
		{2830C9DC-D6D9-478D-8F1F-2EEA5FCC9C8C}.Release|Any CPU.ActiveCfg = Release|Any CPU
		{2830C9DC-D6D9-478D-8F1F-2EEA5FCC9C8C}.Release|Any CPU.Build.0 = Release|Any CPU
		{EC6A2719-8E53-4A48-A8BE-55814641965B}.Debug|Any CPU.ActiveCfg = Debug|Any CPU
		{EC6A2719-8E53-4A48-A8BE-55814641965B}.Debug|Any CPU.Build.0 = Debug|Any CPU
		{EC6A2719-8E53-4A48-A8BE-55814641965B}.Release|Any CPU.ActiveCfg = Release|Any CPU
		{EC6A2719-8E53-4A48-A8BE-55814641965B}.Release|Any CPU.Build.0 = Release|Any CPU
		{4AABB726-685A-4FA1-8CBB-E12563711FC1}.Debug|Any CPU.ActiveCfg = Debug|Any CPU
		{4AABB726-685A-4FA1-8CBB-E12563711FC1}.Debug|Any CPU.Build.0 = Debug|Any CPU
		{4AABB726-685A-4FA1-8CBB-E12563711FC1}.Release|Any CPU.ActiveCfg = Release|Any CPU
		{4AABB726-685A-4FA1-8CBB-E12563711FC1}.Release|Any CPU.Build.0 = Release|Any CPU
		{A8DC9B5A-2B91-491F-B8D7-9C9EDC914CD7}.Debug|Any CPU.ActiveCfg = Debug|Any CPU
		{A8DC9B5A-2B91-491F-B8D7-9C9EDC914CD7}.Debug|Any CPU.Build.0 = Debug|Any CPU
		{A8DC9B5A-2B91-491F-B8D7-9C9EDC914CD7}.Release|Any CPU.ActiveCfg = Release|Any CPU
		{A8DC9B5A-2B91-491F-B8D7-9C9EDC914CD7}.Release|Any CPU.Build.0 = Release|Any CPU
	EndGlobalSection
	GlobalSection(SolutionProperties) = preSolution
		HideSolutionNode = FALSE
	EndGlobalSection
	GlobalSection(ExtensibilityGlobals) = postSolution
		SolutionGuid = {5CABAB41-A5EA-4C3A-95C2-8A30B0807D5D}
	EndGlobalSection
EndGlobal
